
Microsoft Visual Studio Solution File, Format Version 12.00
# Visual Studio Version 16
VisualStudioVersion = 16.0.29409.12
MinimumVisualStudioVersion = 10.0.40219.1
Project("{FAE04EC0-301F-11D3-BF4B-00C04F79EFBC}") = "Class16", "Class16.csproj", "{2CBB4BAD-0E55-4AFE-A63D-DCE969F329EB}"
EndProject
Global
	GlobalSection(SolutionConfigurationPlatforms) = preSolution
		Debug|Any CPU = Debug|Any CPU
		Release|Any CPU = Release|Any CPU
	EndGlobalSection
	GlobalSection(ProjectConfigurationPlatforms) = postSolution
		{2CBB4BAD-0E55-4AFE-A63D-DCE969F329EB}.Debug|Any CPU.ActiveCfg = Debug|Any CPU
		{2CBB4BAD-0E55-4AFE-A63D-DCE969F329EB}.Debug|Any CPU.Build.0 = Debug|Any CPU
		{2CBB4BAD-0E55-4AFE-A63D-DCE969F329EB}.Release|Any CPU.ActiveCfg = Release|Any CPU
		{2CBB4BAD-0E55-4AFE-A63D-DCE969F329EB}.Release|Any CPU.Build.0 = Release|Any CPU
	EndGlobalSection
	GlobalSection(SolutionProperties) = preSolution
		HideSolutionNode = FALSE
	EndGlobalSection
	GlobalSection(ExtensibilityGlobals) = postSolution
		SolutionGuid = {896675D1-C666-414B-8F0B-00D2913BCA31}
	EndGlobalSection
EndGlobal
